
Microsoft Visual Studio Solution File, Format Version 12.00
# Visual Studio Version 17
VisualStudioVersion = 17.9.34902.65
MinimumVisualStudioVersion = 10.0.40219.1
Project("{9A19103F-16F7-4668-BE54-9A1E7A4F7556}") = "Topic.Entities", "FinalProject\Topic.Entities.csproj", "{9C7938D1-A40A-4BCE-A1EB-E9C58CAA9855}"
EndProject
Project("{2150E333-8FDC-42A3-9474-1A3956D46DE8}") = "FinalProject", "FinalProject", "{D675BE5F-CAF5-429F-8E6F-8F72FC889F24}"
EndProject
Project("{2150E333-8FDC-42A3-9474-1A3956D46DE8}") = "Application", "Application", "{4C182022-F713-4A32-926D-C99F358E85A1}"
EndProject
Project("{2150E333-8FDC-42A3-9474-1A3956D46DE8}") = "Domain", "Domain", "{3E6E52EA-81BD-4884-9B6C-BD957949557B}"
EndProject
Project("{2150E333-8FDC-42A3-9474-1A3956D46DE8}") = "Infrastructure", "Infrastructure", "{AE36981B-65AA-4F92-8BE0-6EBC13BEFF1D}"
EndProject
Project("{2150E333-8FDC-42A3-9474-1A3956D46DE8}") = "Presistence", "Presistence", "{6497BA07-4AC1-4F63-BA74-4564F781AF25}"
EndProject
Project("{2150E333-8FDC-42A3-9474-1A3956D46DE8}") = "Presentation", "Presentation", "{CCEB6DB0-4776-466D-A985-4B44E3353037}"
EndProject
Project("{9A19103F-16F7-4668-BE54-9A1E7A4F7556}") = "Topic.Data", "Topic.Data\Topic.Data.csproj", "{C5BC7289-64EC-47B4-B053-06BFAB1F2660}"
EndProject
Project("{9A19103F-16F7-4668-BE54-9A1E7A4F7556}") = "Topic.Repositories", "Topic.Repositories\Topic.Repositories.csproj", "{C2366C27-E366-4F98-A986-9EE6E8EF9CDA}"
EndProject
Project("{9A19103F-16F7-4668-BE54-9A1E7A4F7556}") = "Topic.Contracts", "Topic.Tontracts\Topic.Contracts.csproj", "{AF8855FE-7CA4-4A94-B1C7-90B8BE46B183}"
EndProject
Project("{9A19103F-16F7-4668-BE54-9A1E7A4F7556}") = "Topic.Service", "Topic.Service\Topic.Service.csproj", "{333BF85D-5A0A-4917-8E16-C3E11599BDCA}"
EndProject
Project("{9A19103F-16F7-4668-BE54-9A1E7A4F7556}") = "Topic.Models", "Topic.Models\Topic.Models.csproj", "{DDFF1232-8592-4805-BBCF-427B6EAE3C6F}"
EndProject
Project("{FAE04EC0-301F-11D3-BF4B-00C04F79EFBC}") = "Topic.API", "Topic.API\Topic.API.csproj", "{15D96475-E688-4874-8DF3-24FC9FB7EF14}"
EndProject
Project("{2150E333-8FDC-42A3-9474-1A3956D46DE8}") = "Solution Items", "Solution Items", "{8EC462FD-D22E-90A8-E5CE-7E832BA40C5D}"
	ProjectSection(SolutionItems) = preProject
		Dockerfile.txt = Dockerfile.txt
	EndProjectSection
EndProject
Global
	GlobalSection(SolutionConfigurationPlatforms) = preSolution
		Debug|Any CPU = Debug|Any CPU
		Release|Any CPU = Release|Any CPU
	EndGlobalSection
	GlobalSection(ProjectConfigurationPlatforms) = postSolution
		{9C7938D1-A40A-4BCE-A1EB-E9C58CAA9855}.Debug|Any CPU.ActiveCfg = Debug|Any CPU
		{9C7938D1-A40A-4BCE-A1EB-E9C58CAA9855}.Debug|Any CPU.Build.0 = Debug|Any CPU
		{9C7938D1-A40A-4BCE-A1EB-E9C58CAA9855}.Release|Any CPU.ActiveCfg = Release|Any CPU
		{9C7938D1-A40A-4BCE-A1EB-E9C58CAA9855}.Release|Any CPU.Build.0 = Release|Any CPU
		{C5BC7289-64EC-47B4-B053-06BFAB1F2660}.Debug|Any CPU.ActiveCfg = Debug|Any CPU
		{C5BC7289-64EC-47B4-B053-06BFAB1F2660}.Debug|Any CPU.Build.0 = Debug|Any CPU
		{C5BC7289-64EC-47B4-B053-06BFAB1F2660}.Release|Any CPU.ActiveCfg = Release|Any CPU
		{C5BC7289-64EC-47B4-B053-06BFAB1F2660}.Release|Any CPU.Build.0 = Release|Any CPU
		{C2366C27-E366-4F98-A986-9EE6E8EF9CDA}.Debug|Any CPU.ActiveCfg = Debug|Any CPU
		{C2366C27-E366-4F98-A986-9EE6E8EF9CDA}.Debug|Any CPU.Build.0 = Debug|Any CPU
		{C2366C27-E366-4F98-A986-9EE6E8EF9CDA}.Release|Any CPU.ActiveCfg = Release|Any CPU
		{C2366C27-E366-4F98-A986-9EE6E8EF9CDA}.Release|Any CPU.Build.0 = Release|Any CPU
		{AF8855FE-7CA4-4A94-B1C7-90B8BE46B183}.Debug|Any CPU.ActiveCfg = Debug|Any CPU
		{AF8855FE-7CA4-4A94-B1C7-90B8BE46B183}.Debug|Any CPU.Build.0 = Debug|Any CPU
		{AF8855FE-7CA4-4A94-B1C7-90B8BE46B183}.Release|Any CPU.ActiveCfg = Release|Any CPU
		{AF8855FE-7CA4-4A94-B1C7-90B8BE46B183}.Release|Any CPU.Build.0 = Release|Any CPU
		{333BF85D-5A0A-4917-8E16-C3E11599BDCA}.Debug|Any CPU.ActiveCfg = Debug|Any CPU
		{333BF85D-5A0A-4917-8E16-C3E11599BDCA}.Debug|Any CPU.Build.0 = Debug|Any CPU
		{333BF85D-5A0A-4917-8E16-C3E11599BDCA}.Release|Any CPU.ActiveCfg = Release|Any CPU
		{333BF85D-5A0A-4917-8E16-C3E11599BDCA}.Release|Any CPU.Build.0 = Release|Any CPU
		{DDFF1232-8592-4805-BBCF-427B6EAE3C6F}.Debug|Any CPU.ActiveCfg = Debug|Any CPU
		{DDFF1232-8592-4805-BBCF-427B6EAE3C6F}.Debug|Any CPU.Build.0 = Debug|Any CPU
		{DDFF1232-8592-4805-BBCF-427B6EAE3C6F}.Release|Any CPU.ActiveCfg = Release|Any CPU
		{DDFF1232-8592-4805-BBCF-427B6EAE3C6F}.Release|Any CPU.Build.0 = Release|Any CPU
		{15D96475-E688-4874-8DF3-24FC9FB7EF14}.Debug|Any CPU.ActiveCfg = Debug|Any CPU
		{15D96475-E688-4874-8DF3-24FC9FB7EF14}.Debug|Any CPU.Build.0 = Debug|Any CPU
		{15D96475-E688-4874-8DF3-24FC9FB7EF14}.Release|Any CPU.ActiveCfg = Release|Any CPU
		{15D96475-E688-4874-8DF3-24FC9FB7EF14}.Release|Any CPU.Build.0 = Release|Any CPU
	EndGlobalSection
	GlobalSection(SolutionProperties) = preSolution
		HideSolutionNode = FALSE
	EndGlobalSection
	GlobalSection(NestedProjects) = preSolution
		{9C7938D1-A40A-4BCE-A1EB-E9C58CAA9855} = {3E6E52EA-81BD-4884-9B6C-BD957949557B}
		{4C182022-F713-4A32-926D-C99F358E85A1} = {D675BE5F-CAF5-429F-8E6F-8F72FC889F24}
		{3E6E52EA-81BD-4884-9B6C-BD957949557B} = {D675BE5F-CAF5-429F-8E6F-8F72FC889F24}
		{AE36981B-65AA-4F92-8BE0-6EBC13BEFF1D} = {D675BE5F-CAF5-429F-8E6F-8F72FC889F24}
		{6497BA07-4AC1-4F63-BA74-4564F781AF25} = {AE36981B-65AA-4F92-8BE0-6EBC13BEFF1D}
		{CCEB6DB0-4776-466D-A985-4B44E3353037} = {D675BE5F-CAF5-429F-8E6F-8F72FC889F24}
		{C5BC7289-64EC-47B4-B053-06BFAB1F2660} = {6497BA07-4AC1-4F63-BA74-4564F781AF25}
		{C2366C27-E366-4F98-A986-9EE6E8EF9CDA} = {6497BA07-4AC1-4F63-BA74-4564F781AF25}
		{AF8855FE-7CA4-4A94-B1C7-90B8BE46B183} = {4C182022-F713-4A32-926D-C99F358E85A1}
		{333BF85D-5A0A-4917-8E16-C3E11599BDCA} = {4C182022-F713-4A32-926D-C99F358E85A1}
		{DDFF1232-8592-4805-BBCF-427B6EAE3C6F} = {4C182022-F713-4A32-926D-C99F358E85A1}
		{15D96475-E688-4874-8DF3-24FC9FB7EF14} = {CCEB6DB0-4776-466D-A985-4B44E3353037}
	EndGlobalSection
	GlobalSection(ExtensibilityGlobals) = postSolution
		SolutionGuid = {83CEB85B-7825-467F-8BB3-048ECEC72C27}
	EndGlobalSection
EndGlobal
